
Microsoft Visual Studio Solution File, Format Version 12.00
# Visual Studio Version 17
VisualStudioVersion = 17.9.34607.119
MinimumVisualStudioVersion = 10.0.40219.1
Project("{FAE04EC0-301F-11D3-BF4B-00C04F79EFBC}") = "Exercicios - Mocks", "Exercicios - Mocks\Exercicios - Mocks.csproj", "{87D7ADD4-BF08-414E-BE6F-BEEC51F457CC}"
EndProject
Project("{FAE04EC0-301F-11D3-BF4B-00C04F79EFBC}") = "Exercicios Mocks.Tests", "Exercicios Mocks.Tests\Exercicios Mocks.Tests.csproj", "{6442B81F-BFAF-46F4-BBA7-826E8DF506A3}"
	ProjectSection(ProjectDependencies) = postProject
		{87D7ADD4-BF08-414E-BE6F-BEEC51F457CC} = {87D7ADD4-BF08-414E-BE6F-BEEC51F457CC}
	EndProjectSection
EndProject
Global
	GlobalSection(SolutionConfigurationPlatforms) = preSolution
		Debug|Any CPU = Debug|Any CPU
		Release|Any CPU = Release|Any CPU
	EndGlobalSection
	GlobalSection(ProjectConfigurationPlatforms) = postSolution
		{87D7ADD4-BF08-414E-BE6F-BEEC51F457CC}.Debug|Any CPU.ActiveCfg = Debug|Any CPU
		{87D7ADD4-BF08-414E-BE6F-BEEC51F457CC}.Debug|Any CPU.Build.0 = Debug|Any CPU
		{87D7ADD4-BF08-414E-BE6F-BEEC51F457CC}.Release|Any CPU.ActiveCfg = Release|Any CPU
		{87D7ADD4-BF08-414E-BE6F-BEEC51F457CC}.Release|Any CPU.Build.0 = Release|Any CPU
		{6442B81F-BFAF-46F4-BBA7-826E8DF506A3}.Debug|Any CPU.ActiveCfg = Debug|Any CPU
		{6442B81F-BFAF-46F4-BBA7-826E8DF506A3}.Debug|Any CPU.Build.0 = Debug|Any CPU
		{6442B81F-BFAF-46F4-BBA7-826E8DF506A3}.Release|Any CPU.ActiveCfg = Release|Any CPU
		{6442B81F-BFAF-46F4-BBA7-826E8DF506A3}.Release|Any CPU.Build.0 = Release|Any CPU
	EndGlobalSection
	GlobalSection(SolutionProperties) = preSolution
		HideSolutionNode = FALSE
	EndGlobalSection
	GlobalSection(ExtensibilityGlobals) = postSolution
		SolutionGuid = {AA1266BF-B591-4605-A8E7-2A41B4699E66}
	EndGlobalSection
EndGlobal
